
Microsoft Visual Studio Solution File, Format Version 12.00
# Visual Studio Version 17
VisualStudioVersion = 17.6.33829.357
MinimumVisualStudioVersion = 10.0.40219.1
Project("{FAE04EC0-301F-11D3-BF4B-00C04F79EFBC}") = "WebApi", "WebApi\WebApi.csproj", "{EF81DBE5-D479-4020-B191-E5DC7871C239}"
EndProject
Project("{FAE04EC0-301F-11D3-BF4B-00C04F79EFBC}") = "Domain", "Domain\Domain.csproj", "{0752114C-21AA-46E8-933F-BC76E557DAAA}"
EndProject
Project("{FAE04EC0-301F-11D3-BF4B-00C04F79EFBC}") = "Infraestructure", "Infraestructure\Infraestructure.csproj", "{42E69DC0-FD83-430F-808E-882798CB2F11}"
EndProject
Project("{FAE04EC0-301F-11D3-BF4B-00C04F79EFBC}") = "Application", "Application\Application.csproj", "{2B6D894B-244A-4F78-997F-3343567768A2}"
EndProject
Global
	GlobalSection(SolutionConfigurationPlatforms) = preSolution
		Debug|Any CPU = Debug|Any CPU
		Release|Any CPU = Release|Any CPU
	EndGlobalSection
	GlobalSection(ProjectConfigurationPlatforms) = postSolution
		{EF81DBE5-D479-4020-B191-E5DC7871C239}.Debug|Any CPU.ActiveCfg = Debug|Any CPU
		{EF81DBE5-D479-4020-B191-E5DC7871C239}.Debug|Any CPU.Build.0 = Debug|Any CPU
		{EF81DBE5-D479-4020-B191-E5DC7871C239}.Release|Any CPU.ActiveCfg = Release|Any CPU
		{EF81DBE5-D479-4020-B191-E5DC7871C239}.Release|Any CPU.Build.0 = Release|Any CPU
		{0752114C-21AA-46E8-933F-BC76E557DAAA}.Debug|Any CPU.ActiveCfg = Debug|Any CPU
		{0752114C-21AA-46E8-933F-BC76E557DAAA}.Debug|Any CPU.Build.0 = Debug|Any CPU
		{0752114C-21AA-46E8-933F-BC76E557DAAA}.Release|Any CPU.ActiveCfg = Release|Any CPU
		{0752114C-21AA-46E8-933F-BC76E557DAAA}.Release|Any CPU.Build.0 = Release|Any CPU
		{42E69DC0-FD83-430F-808E-882798CB2F11}.Debug|Any CPU.ActiveCfg = Debug|Any CPU
		{42E69DC0-FD83-430F-808E-882798CB2F11}.Debug|Any CPU.Build.0 = Debug|Any CPU
		{42E69DC0-FD83-430F-808E-882798CB2F11}.Release|Any CPU.ActiveCfg = Release|Any CPU
		{42E69DC0-FD83-430F-808E-882798CB2F11}.Release|Any CPU.Build.0 = Release|Any CPU
		{2B6D894B-244A-4F78-997F-3343567768A2}.Debug|Any CPU.ActiveCfg = Debug|Any CPU
		{2B6D894B-244A-4F78-997F-3343567768A2}.Debug|Any CPU.Build.0 = Debug|Any CPU
		{2B6D894B-244A-4F78-997F-3343567768A2}.Release|Any CPU.ActiveCfg = Release|Any CPU
		{2B6D894B-244A-4F78-997F-3343567768A2}.Release|Any CPU.Build.0 = Release|Any CPU
	EndGlobalSection
	GlobalSection(SolutionProperties) = preSolution
		HideSolutionNode = FALSE
	EndGlobalSection
	GlobalSection(ExtensibilityGlobals) = postSolution
		SolutionGuid = {BBA86AE6-89F9-4C15-B668-C908B4CE4398}
	EndGlobalSection
EndGlobal
